// !$*UTF8*$!
{
	archiveVersion = 1;
	classes = {
	};
	objectVersion = 48;
	objects = {

/* Begin PBXBuildFile section */
		43B3A2113B1F8997DA3945F6 /* Pods_Article_GeneratorTests.framework in Frameworks */ = {isa = PBXBuildFile; fileRef = 11EB4DD90A3EB2B3A22D0A09 /* Pods_Article_GeneratorTests.framework */; };
		84C90718352C288ADBB6185D /* Pods_Article_Generator.framework in Frameworks */ = {isa = PBXBuildFile; fileRef = 1783617027C6151095DDA323 /* Pods_Article_Generator.framework */; };
		AE091E0421D9388700A9F553 /* launchScreen.storyboard in Resources */ = {isa = PBXBuildFile; fileRef = AE091E0321D9388700A9F553 /* launchScreen.storyboard */; };
		AE091E3E21D93D4900A9F553 /* Main.storyboard in Resources */ = {isa = PBXBuildFile; fileRef = AE091E3D21D93D4900A9F553 /* Main.storyboard */; };
		AE091E4021D942CF00A9F553 /* TableViewController.swift in Sources */ = {isa = PBXBuildFile; fileRef = AE091E3F21D942CF00A9F553 /* TableViewController.swift */; };
		AE091E4621D96DE300A9F553 /* model-forsale.mlmodelc in Resources */ = {isa = PBXBuildFile; fileRef = AE091E4521D96DE300A9F553 /* model-forsale.mlmodelc */; };
		AE091E4821D96DEC00A9F553 /* model-motorcycles.mlmodelc in Resources */ = {isa = PBXBuildFile; fileRef = AE091E4721D96DEC00A9F553 /* model-motorcycles.mlmodelc */; };
		AE091E4C21DBD7A800A9F553 /* model-med.mlmodelc in Resources */ = {isa = PBXBuildFile; fileRef = AE091E4B21DBD7A800A9F553 /* model-med.mlmodelc */; };
		AE091E4E21DBD7FA00A9F553 /* tokenizer-med.plist in Resources */ = {isa = PBXBuildFile; fileRef = AE091E4D21DBD7FA00A9F553 /* tokenizer-med.plist */; };
		AE0FCD4021D821EF00ABE468 /* tokenizer-sci-electronics.plist in Resources */ = {isa = PBXBuildFile; fileRef = AE0FCD3F21D821EF00ABE468 /* tokenizer-sci-electronics.plist */; };
		AE0FCD4B21D8294400ABE468 /* model-sci-electronics-25.mlmodelc in Resources */ = {isa = PBXBuildFile; fileRef = AE0FCD4A21D8294400ABE468 /* model-sci-electronics-25.mlmodelc */; };
		AE0FCD5221D910B400ABE468 /* tokenizer-motorcycles.plist in Resources */ = {isa = PBXBuildFile; fileRef = AE0FCD5021D910B400ABE468 /* tokenizer-motorcycles.plist */; };
		AE0FCD5321D910B400ABE468 /* tokenizer-forsale.plist in Resources */ = {isa = PBXBuildFile; fileRef = AE0FCD5121D910B400ABE468 /* tokenizer-forsale.plist */; };
		AE1B67EC21374C4300838FD7 /* model-sci-space-25.mlmodelc in Resources */ = {isa = PBXBuildFile; fileRef = AE1B67EB21374C4300838FD7 /* model-sci-space-25.mlmodelc */; };
		AE1B67EE21374C4D00838FD7 /* model-talk-politics-mideast-25.mlmodelc in Resources */ = {isa = PBXBuildFile; fileRef = AE1B67ED21374C4D00838FD7 /* model-talk-politics-mideast-25.mlmodelc */; };
		AE1B67F3213752FE00838FD7 /* tokenizer-sci-space.plist in Resources */ = {isa = PBXBuildFile; fileRef = AE1B67F1213752FE00838FD7 /* tokenizer-sci-space.plist */; };
		AE1B67F4213752FE00838FD7 /* tokenizer-talk-politics-mideast.plist in Resources */ = {isa = PBXBuildFile; fileRef = AE1B67F2213752FE00838FD7 /* tokenizer-talk-politics-mideast.plist */; };
		AE1B67FC213758B900838FD7 /* MLModelClasses.swift in Sources */ = {isa = PBXBuildFile; fileRef = AE1B67FB213758B900838FD7 /* MLModelClasses.swift */; };
		AE8207FE2136377900AD58D7 /* extensions.swift in Sources */ = {isa = PBXBuildFile; fileRef = AE8207FD2136377900AD58D7 /* extensions.swift */; };
		AE9F95302133979E000D5B3B /* AppDelegate.swift in Sources */ = {isa = PBXBuildFile; fileRef = AE9F952F2133979E000D5B3B /* AppDelegate.swift */; };
		AE9F95322133979E000D5B3B /* ViewController.swift in Sources */ = {isa = PBXBuildFile; fileRef = AE9F95312133979E000D5B3B /* ViewController.swift */; };
		AE9F95372133979E000D5B3B /* Assets.xcassets in Resources */ = {isa = PBXBuildFile; fileRef = AE9F95362133979E000D5B3B /* Assets.xcassets */; };
		AE9F95452133979F000D5B3B /* Article_GeneratorTests.swift in Sources */ = {isa = PBXBuildFile; fileRef = AE9F95442133979F000D5B3B /* Article_GeneratorTests.swift */; };
/* End PBXBuildFile section */

/* Begin PBXContainerItemProxy section */
		AE9F95412133979F000D5B3B /* PBXContainerItemProxy */ = {
			isa = PBXContainerItemProxy;
			containerPortal = AE9F95242133979E000D5B3B /* Project object */;
			proxyType = 1;
			remoteGlobalIDString = AE9F952B2133979E000D5B3B;
			remoteInfo = "Article Generator";
		};
/* End PBXContainerItemProxy section */

/* Begin PBXFileReference section */
		11EB4DD90A3EB2B3A22D0A09 /* Pods_Article_GeneratorTests.framework */ = {isa = PBXFileReference; explicitFileType = wrapper.framework; includeInIndex = 0; path = Pods_Article_GeneratorTests.framework; sourceTree = BUILT_PRODUCTS_DIR; };
		1783617027C6151095DDA323 /* Pods_Article_Generator.framework */ = {isa = PBXFileReference; explicitFileType = wrapper.framework; includeInIndex = 0; path = Pods_Article_Generator.framework; sourceTree = BUILT_PRODUCTS_DIR; };
		4997F6006CCD964838D2CA87 /* Pods-Article_Generator.debug.xcconfig */ = {isa = PBXFileReference; includeInIndex = 1; lastKnownFileType = text.xcconfig; name = "Pods-Article_Generator.debug.xcconfig"; path = "Pods/Target Support Files/Pods-Article_Generator/Pods-Article_Generator.debug.xcconfig"; sourceTree = "<group>"; };
		54DD036392FA39DADB05E8ED /* Pods-Article_Generator.release.xcconfig */ = {isa = PBXFileReference; includeInIndex = 1; lastKnownFileType = text.xcconfig; name = "Pods-Article_Generator.release.xcconfig"; path = "Pods/Target Support Files/Pods-Article_Generator/Pods-Article_Generator.release.xcconfig"; sourceTree = "<group>"; };
		7DAE618D4FCE55E6A93917EB /* Pods-Article_GeneratorTests.release.xcconfig */ = {isa = PBXFileReference; includeInIndex = 1; lastKnownFileType = text.xcconfig; name = "Pods-Article_GeneratorTests.release.xcconfig"; path = "Pods/Target Support Files/Pods-Article_GeneratorTests/Pods-Article_GeneratorTests.release.xcconfig"; sourceTree = "<group>"; };
		AE091E0321D9388700A9F553 /* launchScreen.storyboard */ = {isa = PBXFileReference; lastKnownFileType = file.storyboard; path = launchScreen.storyboard; sourceTree = "<group>"; };
		AE091E3D21D93D4900A9F553 /* Main.storyboard */ = {isa = PBXFileReference; fileEncoding = 4; lastKnownFileType = file.storyboard; path = Main.storyboard; sourceTree = "<group>"; };
		AE091E3F21D942CF00A9F553 /* TableViewController.swift */ = {isa = PBXFileReference; lastKnownFileType = sourcecode.swift; path = TableViewController.swift; sourceTree = "<group>"; };
		AE091E4521D96DE300A9F553 /* model-forsale.mlmodelc */ = {isa = PBXFileReference; lastKnownFileType = folder; name = "model-forsale.mlmodelc"; path = "../../../../../../PycharmProjects/word_rnn/models/model-forsale.mlmodelc/model-forsale.mlmodelc"; sourceTree = "<group>"; };
		AE091E4721D96DEC00A9F553 /* model-motorcycles.mlmodelc */ = {isa = PBXFileReference; lastKnownFileType = folder; name = "model-motorcycles.mlmodelc"; path = "../../../../../../PycharmProjects/word_rnn/models/model-motorcycles.mlmodelc/model-motorcycles.mlmodelc"; sourceTree = "<group>"; };
		AE091E4B21DBD7A800A9F553 /* model-med.mlmodelc */ = {isa = PBXFileReference; lastKnownFileType = folder; path = "model-med.mlmodelc"; sourceTree = "<group>"; };
		AE091E4D21DBD7FA00A9F553 /* tokenizer-med.plist */ = {isa = PBXFileReference; fileEncoding = 4; lastKnownFileType = text.plist.xml; path = "tokenizer-med.plist"; sourceTree = "<group>"; };
		AE0FCD3F21D821EF00ABE468 /* tokenizer-sci-electronics.plist */ = {isa = PBXFileReference; fileEncoding = 4; lastKnownFileType = text.plist.xml; path = "tokenizer-sci-electronics.plist"; sourceTree = "<group>"; };
		AE0FCD4A21D8294400ABE468 /* model-sci-electronics-25.mlmodelc */ = {isa = PBXFileReference; lastKnownFileType = folder; path = "model-sci-electronics-25.mlmodelc"; sourceTree = "<group>"; };
		AE0FCD5021D910B400ABE468 /* tokenizer-motorcycles.plist */ = {isa = PBXFileReference; fileEncoding = 4; lastKnownFileType = text.plist.xml; path = "tokenizer-motorcycles.plist"; sourceTree = "<group>"; };
		AE0FCD5121D910B400ABE468 /* tokenizer-forsale.plist */ = {isa = PBXFileReference; fileEncoding = 4; lastKnownFileType = text.plist.xml; path = "tokenizer-forsale.plist"; sourceTree = "<group>"; };
		AE1B67EB21374C4300838FD7 /* model-sci-space-25.mlmodelc */ = {isa = PBXFileReference; lastKnownFileType = folder; path = "model-sci-space-25.mlmodelc"; sourceTree = "<group>"; };
		AE1B67ED21374C4D00838FD7 /* model-talk-politics-mideast-25.mlmodelc */ = {isa = PBXFileReference; lastKnownFileType = folder; path = "model-talk-politics-mideast-25.mlmodelc"; sourceTree = "<group>"; };
		AE1B67F1213752FE00838FD7 /* tokenizer-sci-space.plist */ = {isa = PBXFileReference; fileEncoding = 4; lastKnownFileType = text.plist.xml; path = "tokenizer-sci-space.plist"; sourceTree = "<group>"; };
		AE1B67F2213752FE00838FD7 /* tokenizer-talk-politics-mideast.plist */ = {isa = PBXFileReference; fileEncoding = 4; lastKnownFileType = text.plist.xml; path = "tokenizer-talk-politics-mideast.plist"; sourceTree = "<group>"; };
		AE1B67FB213758B900838FD7 /* MLModelClasses.swift */ = {isa = PBXFileReference; lastKnownFileType = sourcecode.swift; path = MLModelClasses.swift; sourceTree = "<group>"; };
		AE8207FD2136377900AD58D7 /* extensions.swift */ = {isa = PBXFileReference; lastKnownFileType = sourcecode.swift; path = extensions.swift; sourceTree = "<group>"; };
		AE9F952C2133979E000D5B3B /* Article_Generator.app */ = {isa = PBXFileReference; explicitFileType = wrapper.application; includeInIndex = 0; path = Article_Generator.app; sourceTree = BUILT_PRODUCTS_DIR; };
		AE9F952F2133979E000D5B3B /* AppDelegate.swift */ = {isa = PBXFileReference; lastKnownFileType = sourcecode.swift; path = AppDelegate.swift; sourceTree = "<group>"; };
		AE9F95312133979E000D5B3B /* ViewController.swift */ = {isa = PBXFileReference; lastKnownFileType = sourcecode.swift; path = ViewController.swift; sourceTree = "<group>"; };
		AE9F95362133979E000D5B3B /* Assets.xcassets */ = {isa = PBXFileReference; lastKnownFileType = folder.assetcatalog; path = Assets.xcassets; sourceTree = "<group>"; };
		AE9F953B2133979E000D5B3B /* Info.plist */ = {isa = PBXFileReference; lastKnownFileType = text.plist.xml; path = Info.plist; sourceTree = "<group>"; };
		AE9F95402133979F000D5B3B /* Article_GeneratorTests.xctest */ = {isa = PBXFileReference; explicitFileType = wrapper.cfbundle; includeInIndex = 0; path = Article_GeneratorTests.xctest; sourceTree = BUILT_PRODUCTS_DIR; };
		AE9F95442133979F000D5B3B /* Article_GeneratorTests.swift */ = {isa = PBXFileReference; lastKnownFileType = sourcecode.swift; path = Article_GeneratorTests.swift; sourceTree = "<group>"; };
		AE9F95462133979F000D5B3B /* Info.plist */ = {isa = PBXFileReference; lastKnownFileType = text.plist.xml; path = Info.plist; sourceTree = "<group>"; };
		FEE1B43B0032570FB066D276 /* Pods-Article_GeneratorTests.debug.xcconfig */ = {isa = PBXFileReference; includeInIndex = 1; lastKnownFileType = text.xcconfig; name = "Pods-Article_GeneratorTests.debug.xcconfig"; path = "Pods/Target Support Files/Pods-Article_GeneratorTests/Pods-Article_GeneratorTests.debug.xcconfig"; sourceTree = "<group>"; };
/* End PBXFileReference section */

/* Begin PBXFrameworksBuildPhase section */
		AE9F95292133979E000D5B3B /* Frameworks */ = {
			isa = PBXFrameworksBuildPhase;
			buildActionMask = 2147483647;
			files = (
				84C90718352C288ADBB6185D /* Pods_Article_Generator.framework in Frameworks */,
			);
			runOnlyForDeploymentPostprocessing = 0;
		};
		AE9F953D2133979F000D5B3B /* Frameworks */ = {
			isa = PBXFrameworksBuildPhase;
			buildActionMask = 2147483647;
			files = (
				43B3A2113B1F8997DA3945F6 /* Pods_Article_GeneratorTests.framework in Frameworks */,
			);
			runOnlyForDeploymentPostprocessing = 0;
		};
/* End PBXFrameworksBuildPhase section */

/* Begin PBXGroup section */
		923A86C2EEDCA91ABD5ED7D5 /* Frameworks */ = {
			isa = PBXGroup;
			children = (
				1783617027C6151095DDA323 /* Pods_Article_Generator.framework */,
				11EB4DD90A3EB2B3A22D0A09 /* Pods_Article_GeneratorTests.framework */,
			);
			name = Frameworks;
			sourceTree = "<group>";
		};
		AE9F95232133979E000D5B3B = {
			isa = PBXGroup;
			children = (
				AE9F952E2133979E000D5B3B /* Article Generator */,
				AE9F95432133979F000D5B3B /* Article GeneratorTests */,
				AE9F952D2133979E000D5B3B /* Products */,
				FB3ACB0961EFA2D49E4E6F4F /* Pods */,
				923A86C2EEDCA91ABD5ED7D5 /* Frameworks */,
			);
			sourceTree = "<group>";
		};
		AE9F952D2133979E000D5B3B /* Products */ = {
			isa = PBXGroup;
			children = (
				AE9F952C2133979E000D5B3B /* Article_Generator.app */,
				AE9F95402133979F000D5B3B /* Article_GeneratorTests.xctest */,
			);
			name = Products;
			sourceTree = "<group>";
		};
		AE9F952E2133979E000D5B3B /* Article Generator */ = {
			isa = PBXGroup;
			children = (
				AE9F95582134B586000D5B3B /* Tokenizers */,
				AE9F95512134B53A000D5B3B /* Models */,
				AE9F952F2133979E000D5B3B /* AppDelegate.swift */,
				AE9F95312133979E000D5B3B /* ViewController.swift */,
				AE091E3F21D942CF00A9F553 /* TableViewController.swift */,
				AE9F95362133979E000D5B3B /* Assets.xcassets */,
				AE9F953B2133979E000D5B3B /* Info.plist */,
				AE8207FD2136377900AD58D7 /* extensions.swift */,
				AE1B67FB213758B900838FD7 /* MLModelClasses.swift */,
				AE091E0321D9388700A9F553 /* launchScreen.storyboard */,
				AE091E3D21D93D4900A9F553 /* Main.storyboard */,
			);
			path = "Article Generator";
			sourceTree = "<group>";
		};
		AE9F95432133979F000D5B3B /* Article GeneratorTests */ = {
			isa = PBXGroup;
			children = (
				AE9F95442133979F000D5B3B /* Article_GeneratorTests.swift */,
				AE9F95462133979F000D5B3B /* Info.plist */,
			);
			path = "Article GeneratorTests";
			sourceTree = "<group>";
		};
		AE9F95512134B53A000D5B3B /* Models */ = {
			isa = PBXGroup;
			children = (
				AE091E4B21DBD7A800A9F553 /* model-med.mlmodelc */,
				AE091E4721D96DEC00A9F553 /* model-motorcycles.mlmodelc */,
				AE091E4521D96DE300A9F553 /* model-forsale.mlmodelc */,
				AE0FCD4A21D8294400ABE468 /* model-sci-electronics-25.mlmodelc */,
				AE1B67ED21374C4D00838FD7 /* model-talk-politics-mideast-25.mlmodelc */,
				AE1B67EB21374C4300838FD7 /* model-sci-space-25.mlmodelc */,
			);
			path = Models;
			sourceTree = "<group>";
		};
		AE9F95582134B586000D5B3B /* Tokenizers */ = {
			isa = PBXGroup;
			children = (
				AE0FCD5121D910B400ABE468 /* tokenizer-forsale.plist */,
				AE091E4D21DBD7FA00A9F553 /* tokenizer-med.plist */,
				AE0FCD5021D910B400ABE468 /* tokenizer-motorcycles.plist */,
				AE0FCD3F21D821EF00ABE468 /* tokenizer-sci-electronics.plist */,
				AE1B67F1213752FE00838FD7 /* tokenizer-sci-space.plist */,
				AE1B67F2213752FE00838FD7 /* tokenizer-talk-politics-mideast.plist */,
			);
			path = Tokenizers;
			sourceTree = "<group>";
		};
		FB3ACB0961EFA2D49E4E6F4F /* Pods */ = {
			isa = PBXGroup;
			children = (
				4997F6006CCD964838D2CA87 /* Pods-Article_Generator.debug.xcconfig */,
				54DD036392FA39DADB05E8ED /* Pods-Article_Generator.release.xcconfig */,
				FEE1B43B0032570FB066D276 /* Pods-Article_GeneratorTests.debug.xcconfig */,
				7DAE618D4FCE55E6A93917EB /* Pods-Article_GeneratorTests.release.xcconfig */,
			);
			name = Pods;
			sourceTree = "<group>";
		};
/* End PBXGroup section */

/* Begin PBXNativeTarget section */
		AE9F952B2133979E000D5B3B /* Article_Generator */ = {
			isa = PBXNativeTarget;
			buildConfigurationList = AE9F95492133979F000D5B3B /* Build configuration list for PBXNativeTarget "Article_Generator" */;
			buildPhases = (
				C5BC3C19E29D92337A3A8FF8 /* [CP] Check Pods Manifest.lock */,
				AE9F95282133979E000D5B3B /* Sources */,
				AE9F95292133979E000D5B3B /* Frameworks */,
				AE9F952A2133979E000D5B3B /* Resources */,
				AE23D89F4B63B698ED82F8F3 /* [CP] Embed Pods Frameworks */,
			);
			buildRules = (
			);
			dependencies = (
			);
			name = Article_Generator;
			productName = "Article Generator";
			productReference = AE9F952C2133979E000D5B3B /* Article_Generator.app */;
			productType = "com.apple.product-type.application";
		};
		AE9F953F2133979F000D5B3B /* Article_GeneratorTests */ = {
			isa = PBXNativeTarget;
			buildConfigurationList = AE9F954C2133979F000D5B3B /* Build configuration list for PBXNativeTarget "Article_GeneratorTests" */;
			buildPhases = (
				D1356FD6AD6179E582D5C599 /* [CP] Check Pods Manifest.lock */,
				AE9F953C2133979F000D5B3B /* Sources */,
				AE9F953D2133979F000D5B3B /* Frameworks */,
				AE9F953E2133979F000D5B3B /* Resources */,
			);
			buildRules = (
			);
			dependencies = (
				AE9F95422133979F000D5B3B /* PBXTargetDependency */,
			);
			name = Article_GeneratorTests;
			productName = "Article GeneratorTests";
			productReference = AE9F95402133979F000D5B3B /* Article_GeneratorTests.xctest */;
			productType = "com.apple.product-type.bundle.unit-test";
		};
/* End PBXNativeTarget section */

/* Begin PBXProject section */
		AE9F95242133979E000D5B3B /* Project object */ = {
			isa = PBXProject;
			attributes = {
				LastSwiftUpdateCheck = 0910;
				LastUpgradeCheck = 0940;
				ORGANIZATIONNAME = "Firebird Studios";
				TargetAttributes = {
					AE9F952B2133979E000D5B3B = {
						CreatedOnToolsVersion = 9.1;
						LastSwiftMigration = 1010;
						ProvisioningStyle = Automatic;
					};
					AE9F953F2133979F000D5B3B = {
						CreatedOnToolsVersion = 9.1;
						LastSwiftMigration = 1010;
						ProvisioningStyle = Automatic;
						TestTargetID = AE9F952B2133979E000D5B3B;
					};
				};
			};
			buildConfigurationList = AE9F95272133979E000D5B3B /* Build configuration list for PBXProject "Article_Generator" */;
			compatibilityVersion = "Xcode 8.0";
			developmentRegion = en;
			hasScannedForEncodings = 0;
			knownRegions = (
				en,
				Base,
			);
			mainGroup = AE9F95232133979E000D5B3B;
			productRefGroup = AE9F952D2133979E000D5B3B /* Products */;
			projectDirPath = "";
			projectRoot = "";
			targets = (
				AE9F952B2133979E000D5B3B /* Article_Generator */,
				AE9F953F2133979F000D5B3B /* Article_GeneratorTests */,
			);
		};
/* End PBXProject section */

/* Begin PBXResourcesBuildPhase section */
		AE9F952A2133979E000D5B3B /* Resources */ = {
			isa = PBXResourcesBuildPhase;
			buildActionMask = 2147483647;
			files = (
				AE0FCD4021D821EF00ABE468 /* tokenizer-sci-electronics.plist in Resources */,
				AE091E4E21DBD7FA00A9F553 /* tokenizer-med.plist in Resources */,
				AE091E4821D96DEC00A9F553 /* model-motorcycles.mlmodelc in Resources */,
				AE091E0421D9388700A9F553 /* launchScreen.storyboard in Resources */,
				AE0FCD5321D910B400ABE468 /* tokenizer-forsale.plist in Resources */,
				AE091E4621D96DE300A9F553 /* model-forsale.mlmodelc in Resources */,
				AE091E4C21DBD7A800A9F553 /* model-med.mlmodelc in Resources */,
				AE9F95372133979E000D5B3B /* Assets.xcassets in Resources */,
				AE1B67F3213752FE00838FD7 /* tokenizer-sci-space.plist in Resources */,
				AE1B67EE21374C4D00838FD7 /* model-talk-politics-mideast-25.mlmodelc in Resources */,
				AE091E3E21D93D4900A9F553 /* Main.storyboard in Resources */,
				AE0FCD5221D910B400ABE468 /* tokenizer-motorcycles.plist in Resources */,
				AE1B67EC21374C4300838FD7 /* model-sci-space-25.mlmodelc in Resources */,
				AE1B67F4213752FE00838FD7 /* tokenizer-talk-politics-mideast.plist in Resources */,
				AE0FCD4B21D8294400ABE468 /* model-sci-electronics-25.mlmodelc in Resources */,
			);
			runOnlyForDeploymentPostprocessing = 0;
		};
		AE9F953E2133979F000D5B3B /* Resources */ = {
			isa = PBXResourcesBuildPhase;
			buildActionMask = 2147483647;
			files = (
			);
			runOnlyForDeploymentPostprocessing = 0;
		};
/* End PBXResourcesBuildPhase section */

/* Begin PBXShellScriptBuildPhase section */
		AE23D89F4B63B698ED82F8F3 /* [CP] Embed Pods Frameworks */ = {
			isa = PBXShellScriptBuildPhase;
			buildActionMask = 2147483647;
			files = (
			);
			inputFileListPaths = (
			);
			inputPaths = (
				"${SRCROOT}/Pods/Target Support Files/Pods-Article_Generator/Pods-Article_Generator-frameworks.sh",
				"${BUILT_PRODUCTS_DIR}/IQKeyboardManagerSwift/IQKeyboardManagerSwift.framework",
			);
			name = "[CP] Embed Pods Frameworks";
			outputFileListPaths = (
			);
			outputPaths = (
				"${TARGET_BUILD_DIR}/${FRAMEWORKS_FOLDER_PATH}/IQKeyboardManagerSwift.framework",
			);
			runOnlyForDeploymentPostprocessing = 0;
			shellPath = /bin/sh;
			shellScript = "\"${SRCROOT}/Pods/Target Support Files/Pods-Article_Generator/Pods-Article_Generator-frameworks.sh\"\n";
			showEnvVarsInLog = 0;
		};
		C5BC3C19E29D92337A3A8FF8 /* [CP] Check Pods Manifest.lock */ = {
			isa = PBXShellScriptBuildPhase;
			buildActionMask = 2147483647;
			files = (
			);
			inputFileListPaths = (
			);
			inputPaths = (
				"${PODS_PODFILE_DIR_PATH}/Podfile.lock",
				"${PODS_ROOT}/Manifest.lock",
			);
			name = "[CP] Check Pods Manifest.lock";
			outputFileListPaths = (
			);
			outputPaths = (
				"$(DERIVED_FILE_DIR)/Pods-Article_Generator-checkManifestLockResult.txt",
			);
			runOnlyForDeploymentPostprocessing = 0;
			shellPath = /bin/sh;
			shellScript = "diff \"${PODS_PODFILE_DIR_PATH}/Podfile.lock\" \"${PODS_ROOT}/Manifest.lock\" > /dev/null\nif [ $? != 0 ] ; then\n    # print error to STDERR\n    echo \"error: The sandbox is not in sync with the Podfile.lock. Run 'pod install' or update your CocoaPods installation.\" >&2\n    exit 1\nfi\n# This output is used by Xcode 'outputs' to avoid re-running this script phase.\necho \"SUCCESS\" > \"${SCRIPT_OUTPUT_FILE_0}\"\n";
			showEnvVarsInLog = 0;
		};
		D1356FD6AD6179E582D5C599 /* [CP] Check Pods Manifest.lock */ = {
			isa = PBXShellScriptBuildPhase;
			buildActionMask = 2147483647;
			files = (
			);
			inputFileListPaths = (
			);
			inputPaths = (
				"${PODS_PODFILE_DIR_PATH}/Podfile.lock",
				"${PODS_ROOT}/Manifest.lock",
			);
			name = "[CP] Check Pods Manifest.lock";
			outputFileListPaths = (
			);
			outputPaths = (
				"$(DERIVED_FILE_DIR)/Pods-Article_GeneratorTests-checkManifestLockResult.txt",
			);
			runOnlyForDeploymentPostprocessing = 0;
			shellPath = /bin/sh;
			shellScript = "diff \"${PODS_PODFILE_DIR_PATH}/Podfile.lock\" \"${PODS_ROOT}/Manifest.lock\" > /dev/null\nif [ $? != 0 ] ; then\n    # print error to STDERR\n    echo \"error: The sandbox is not in sync with the Podfile.lock. Run 'pod install' or update your CocoaPods installation.\" >&2\n    exit 1\nfi\n# This output is used by Xcode 'outputs' to avoid re-running this script phase.\necho \"SUCCESS\" > \"${SCRIPT_OUTPUT_FILE_0}\"\n";
			showEnvVarsInLog = 0;
		};
/* End PBXShellScriptBuildPhase section */

/* Begin PBXSourcesBuildPhase section */
		AE9F95282133979E000D5B3B /* Sources */ = {
			isa = PBXSourcesBuildPhase;
			buildActionMask = 2147483647;
			files = (
				AE8207FE2136377900AD58D7 /* extensions.swift in Sources */,
				AE1B67FC213758B900838FD7 /* MLModelClasses.swift in Sources */,
				AE9F95322133979E000D5B3B /* ViewController.swift in Sources */,
				AE091E4021D942CF00A9F553 /* TableViewController.swift in Sources */,
				AE9F95302133979E000D5B3B /* AppDelegate.swift in Sources */,
			);
			runOnlyForDeploymentPostprocessing = 0;
		};
		AE9F953C2133979F000D5B3B /* Sources */ = {
			isa = PBXSourcesBuildPhase;
			buildActionMask = 2147483647;
			files = (
				AE9F95452133979F000D5B3B /* Article_GeneratorTests.swift in Sources */,
			);
			runOnlyForDeploymentPostprocessing = 0;
		};
/* End PBXSourcesBuildPhase section */

/* Begin PBXTargetDependency section */
		AE9F95422133979F000D5B3B /* PBXTargetDependency */ = {
			isa = PBXTargetDependency;
			target = AE9F952B2133979E000D5B3B /* Article_Generator */;
			targetProxy = AE9F95412133979F000D5B3B /* PBXContainerItemProxy */;
		};
/* End PBXTargetDependency section */

/* Begin XCBuildConfiguration section */
		AE9F95472133979F000D5B3B /* Debug */ = {
			isa = XCBuildConfiguration;
			buildSettings = {
				ALWAYS_SEARCH_USER_PATHS = NO;
				CLANG_ANALYZER_NONNULL = YES;
				CLANG_ANALYZER_NUMBER_OBJECT_CONVERSION = YES_AGGRESSIVE;
				CLANG_CXX_LANGUAGE_STANDARD = "gnu++14";
				CLANG_CXX_LIBRARY = "libc++";
				CLANG_ENABLE_MODULES = YES;
				CLANG_ENABLE_OBJC_ARC = YES;
				CLANG_WARN_BLOCK_CAPTURE_AUTORELEASING = YES;
				CLANG_WARN_BOOL_CONVERSION = YES;
				CLANG_WARN_COMMA = YES;
				CLANG_WARN_CONSTANT_CONVERSION = YES;
				CLANG_WARN_DEPRECATED_OBJC_IMPLEMENTATIONS = YES;
				CLANG_WARN_DIRECT_OBJC_ISA_USAGE = YES_ERROR;
				CLANG_WARN_DOCUMENTATION_COMMENTS = YES;
				CLANG_WARN_EMPTY_BODY = YES;
				CLANG_WARN_ENUM_CONVERSION = YES;
				CLANG_WARN_INFINITE_RECURSION = YES;
				CLANG_WARN_INT_CONVERSION = YES;
				CLANG_WARN_NON_LITERAL_NULL_CONVERSION = YES;
				CLANG_WARN_OBJC_IMPLICIT_RETAIN_SELF = YES;
				CLANG_WARN_OBJC_LITERAL_CONVERSION = YES;
				CLANG_WARN_OBJC_ROOT_CLASS = YES_ERROR;
				CLANG_WARN_RANGE_LOOP_ANALYSIS = YES;
				CLANG_WARN_STRICT_PROTOTYPES = YES;
				CLANG_WARN_SUSPICIOUS_MOVE = YES;
				CLANG_WARN_UNGUARDED_AVAILABILITY = YES_AGGRESSIVE;
				CLANG_WARN_UNREACHABLE_CODE = YES;
				CLANG_WARN__DUPLICATE_METHOD_MATCH = YES;
				CODE_SIGN_IDENTITY = "iPhone Developer";
				COPY_PHASE_STRIP = NO;
				DEBUG_INFORMATION_FORMAT = dwarf;
				ENABLE_STRICT_OBJC_MSGSEND = YES;
				ENABLE_TESTABILITY = YES;
				GCC_C_LANGUAGE_STANDARD = gnu11;
				GCC_DYNAMIC_NO_PIC = NO;
				GCC_NO_COMMON_BLOCKS = YES;
				GCC_OPTIMIZATION_LEVEL = 0;
				GCC_PREPROCESSOR_DEFINITIONS = (
					"DEBUG=1",
					"$(inherited)",
				);
				GCC_WARN_64_TO_32_BIT_CONVERSION = YES;
				GCC_WARN_ABOUT_RETURN_TYPE = YES_ERROR;
				GCC_WARN_UNDECLARED_SELECTOR = YES;
				GCC_WARN_UNINITIALIZED_AUTOS = YES_AGGRESSIVE;
				GCC_WARN_UNUSED_FUNCTION = YES;
				GCC_WARN_UNUSED_VARIABLE = YES;
				IPHONEOS_DEPLOYMENT_TARGET = 11.1;
				MTL_ENABLE_DEBUG_INFO = YES;
				ONLY_ACTIVE_ARCH = YES;
				SDKROOT = iphoneos;
				SWIFT_ACTIVE_COMPILATION_CONDITIONS = DEBUG;
				SWIFT_OPTIMIZATION_LEVEL = "-Onone";
			};
			name = Debug;
		};
		AE9F95482133979F000D5B3B /* Release */ = {
			isa = XCBuildConfiguration;
			buildSettings = {
				ALWAYS_SEARCH_USER_PATHS = NO;
				CLANG_ANALYZER_NONNULL = YES;
				CLANG_ANALYZER_NUMBER_OBJECT_CONVERSION = YES_AGGRESSIVE;
				CLANG_CXX_LANGUAGE_STANDARD = "gnu++14";
				CLANG_CXX_LIBRARY = "libc++";
				CLANG_ENABLE_MODULES = YES;
				CLANG_ENABLE_OBJC_ARC = YES;
				CLANG_WARN_BLOCK_CAPTURE_AUTORELEASING = YES;
				CLANG_WARN_BOOL_CONVERSION = YES;
				CLANG_WARN_COMMA = YES;
				CLANG_WARN_CONSTANT_CONVERSION = YES;
				CLANG_WARN_DEPRECATED_OBJC_IMPLEMENTATIONS = YES;
				CLANG_WARN_DIRECT_OBJC_ISA_USAGE = YES_ERROR;
				CLANG_WARN_DOCUMENTATION_COMMENTS = YES;
				CLANG_WARN_EMPTY_BODY = YES;
				CLANG_WARN_ENUM_CONVERSION = YES;
				CLANG_WARN_INFINITE_RECURSION = YES;
				CLANG_WARN_INT_CONVERSION = YES;
				CLANG_WARN_NON_LITERAL_NULL_CONVERSION = YES;
				CLANG_WARN_OBJC_IMPLICIT_RETAIN_SELF = YES;
				CLANG_WARN_OBJC_LITERAL_CONVERSION = YES;
				CLANG_WARN_OBJC_ROOT_CLASS = YES_ERROR;
				CLANG_WARN_RANGE_LOOP_ANALYSIS = YES;
				CLANG_WARN_STRICT_PROTOTYPES = YES;
				CLANG_WARN_SUSPICIOUS_MOVE = YES;
				CLANG_WARN_UNGUARDED_AVAILABILITY = YES_AGGRESSIVE;
				CLANG_WARN_UNREACHABLE_CODE = YES;
				CLANG_WARN__DUPLICATE_METHOD_MATCH = YES;
				CODE_SIGN_IDENTITY = "iPhone Developer";
				COPY_PHASE_STRIP = NO;
				DEBUG_INFORMATION_FORMAT = "dwarf-with-dsym";
				ENABLE_NS_ASSERTIONS = NO;
				ENABLE_STRICT_OBJC_MSGSEND = YES;
				GCC_C_LANGUAGE_STANDARD = gnu11;
				GCC_NO_COMMON_BLOCKS = YES;
				GCC_WARN_64_TO_32_BIT_CONVERSION = YES;
				GCC_WARN_ABOUT_RETURN_TYPE = YES_ERROR;
				GCC_WARN_UNDECLARED_SELECTOR = YES;
				GCC_WARN_UNINITIALIZED_AUTOS = YES_AGGRESSIVE;
				GCC_WARN_UNUSED_FUNCTION = YES;
				GCC_WARN_UNUSED_VARIABLE = YES;
				IPHONEOS_DEPLOYMENT_TARGET = 11.1;
				MTL_ENABLE_DEBUG_INFO = NO;
				SDKROOT = iphoneos;
				SWIFT_OPTIMIZATION_LEVEL = "-Owholemodule";
				VALIDATE_PRODUCT = YES;
			};
			name = Release;
		};
		AE9F954A2133979F000D5B3B /* Debug */ = {
			isa = XCBuildConfiguration;
			baseConfigurationReference = 4997F6006CCD964838D2CA87 /* Pods-Article_Generator.debug.xcconfig */;
			buildSettings = {
				ASSETCATALOG_COMPILER_APPICON_NAME = AppIcon;
				CODE_SIGN_STYLE = Automatic;
				DEVELOPMENT_TEAM = 7F7C6MC2X4;
				INFOPLIST_FILE = "Article Generator/Info.plist";
				LD_RUNPATH_SEARCH_PATHS = "$(inherited) @executable_path/Frameworks";
				PRODUCT_BUNDLE_IDENTIFIER = "com.firebird.Article-Generator";
				PRODUCT_NAME = "$(TARGET_NAME)";
				SWIFT_VERSION = 4.2;
				TARGETED_DEVICE_FAMILY = "1,2";
			};
			name = Debug;
		};
		AE9F954B2133979F000D5B3B /* Release */ = {
			isa = XCBuildConfiguration;
			baseConfigurationReference = 54DD036392FA39DADB05E8ED /* Pods-Article_Generator.release.xcconfig */;
			buildSettings = {
				ASSETCATALOG_COMPILER_APPICON_NAME = AppIcon;
				CODE_SIGN_STYLE = Automatic;
				DEVELOPMENT_TEAM = 7F7C6MC2X4;
				INFOPLIST_FILE = "Article Generator/Info.plist";
				LD_RUNPATH_SEARCH_PATHS = "$(inherited) @executable_path/Frameworks";
				PRODUCT_BUNDLE_IDENTIFIER = "com.firebird.Article-Generator";
				PRODUCT_NAME = "$(TARGET_NAME)";
				SWIFT_VERSION = 4.2;
				TARGETED_DEVICE_FAMILY = "1,2";
			};
			name = Release;
		};
		AE9F954D2133979F000D5B3B /* Debug */ = {
			isa = XCBuildConfiguration;
			baseConfigurationReference = FEE1B43B0032570FB066D276 /* Pods-Article_GeneratorTests.debug.xcconfig */;
			buildSettings = {
				ALWAYS_EMBED_SWIFT_STANDARD_LIBRARIES = YES;
				BUNDLE_LOADER = "$(TEST_HOST)";
				CODE_SIGN_STYLE = Automatic;
				DEVELOPMENT_TEAM = 7F7C6MC2X4;
				INFOPLIST_FILE = "Article GeneratorTests/Info.plist";
				LD_RUNPATH_SEARCH_PATHS = "$(inherited) @executable_path/Frameworks @loader_path/Frameworks";
				PRODUCT_BUNDLE_IDENTIFIER = "com.firebird.Article-GeneratorTests";
				PRODUCT_NAME = "$(TARGET_NAME)";
				SWIFT_VERSION = 4.2;
				TARGETED_DEVICE_FAMILY = "1,2";
				TEST_HOST = "$(BUILT_PRODUCTS_DIR)/Article_Generator.app/Article_Generator";
			};
			name = Debug;
		};
		AE9F954E2133979F000D5B3B /* Release */ = {
			isa = XCBuildConfiguration;
			baseConfigurationReference = 7DAE618D4FCE55E6A93917EB /* Pods-Article_GeneratorTests.release.xcconfig */;
			buildSettings = {
				ALWAYS_EMBED_SWIFT_STANDARD_LIBRARIES = YES;
				BUNDLE_LOADER = "$(TEST_HOST)";
				CODE_SIGN_STYLE = Automatic;
				DEVELOPMENT_TEAM = 7F7C6MC2X4;
				INFOPLIST_FILE = "Article GeneratorTests/Info.plist";
				LD_RUNPATH_SEARCH_PATHS = "$(inherited) @executable_path/Frameworks @loader_path/Frameworks";
				PRODUCT_BUNDLE_IDENTIFIER = "com.firebird.Article-GeneratorTests";
				PRODUCT_NAME = "$(TARGET_NAME)";
				SWIFT_VERSION = 4.2;
				TARGETED_DEVICE_FAMILY = "1,2";
				TEST_HOST = "$(BUILT_PRODUCTS_DIR)/Article_Generator.app/Article_Generator";
			};
			name = Release;
		};
/* End XCBuildConfiguration section */

/* Begin XCConfigurationList section */
		AE9F95272133979E000D5B3B /* Build configuration list for PBXProject "Article_Generator" */ = {
			isa = XCConfigurationList;
			buildConfigurations = (
				AE9F95472133979F000D5B3B /* Debug */,
				AE9F95482133979F000D5B3B /* Release */,
			);
			defaultConfigurationIsVisible = 0;
			defaultConfigurationName = Release;
		};
		AE9F95492133979F000D5B3B /* Build configuration list for PBXNativeTarget "Article_Generator" */ = {
			isa = XCConfigurationList;
			buildConfigurations = (
				AE9F954A2133979F000D5B3B /* Debug */,
				AE9F954B2133979F000D5B3B /* Release */,
			);
			defaultConfigurationIsVisible = 0;
			defaultConfigurationName = Release;
		};
		AE9F954C2133979F000D5B3B /* Build configuration list for PBXNativeTarget "Article_GeneratorTests" */ = {
			isa = XCConfigurationList;
			buildConfigurations = (
				AE9F954D2133979F000D5B3B /* Debug */,
				AE9F954E2133979F000D5B3B /* Release */,
			);
			defaultConfigurationIsVisible = 0;
			defaultConfigurationName = Release;
		};
/* End XCConfigurationList section */
	};
	rootObject = AE9F95242133979E000D5B3B /* Project object */;
}
